
Microsoft Visual Studio Solution File, Format Version 12.00
# Visual Studio Version 17
VisualStudioVersion = 17.5.33424.131
MinimumVisualStudioVersion = 10.0.40219.1
Project("{FAE04EC0-301F-11D3-BF4B-00C04F79EFBC}") = "ToDoList", "ToDoList\ToDoList.csproj", "{4BE2B2B3-BA0F-4BF9-86B1-BE7B3B1DBC93}"
EndProject
Global
	GlobalSection(SolutionConfigurationPlatforms) = preSolution
		Debug|Any CPU = Debug|Any CPU
		Release|Any CPU = Release|Any CPU
	EndGlobalSection
	GlobalSection(ProjectConfigurationPlatforms) = postSolution
		{4BE2B2B3-BA0F-4BF9-86B1-BE7B3B1DBC93}.Debug|Any CPU.ActiveCfg = Debug|Any CPU
		{4BE2B2B3-BA0F-4BF9-86B1-BE7B3B1DBC93}.Debug|Any CPU.Build.0 = Debug|Any CPU
		{4BE2B2B3-BA0F-4BF9-86B1-BE7B3B1DBC93}.Release|Any CPU.ActiveCfg = Release|Any CPU
		{4BE2B2B3-BA0F-4BF9-86B1-BE7B3B1DBC93}.Release|Any CPU.Build.0 = Release|Any CPU
	EndGlobalSection
	GlobalSection(SolutionProperties) = preSolution
		HideSolutionNode = FALSE
	EndGlobalSection
	GlobalSection(ExtensibilityGlobals) = postSolution
		SolutionGuid = {C5330608-08E2-427B-B2A6-46294419FCC7}
	EndGlobalSection
EndGlobal
